
Microsoft Visual Studio Solution File, Format Version 12.00
# Visual Studio 2013
VisualStudioVersion = 12.0.30723.0
MinimumVisualStudioVersion = 10.0.40219.1
Project("{2150E333-8FDC-42A3-9474-1A3956D46DE8}") = "Cppp", "Cppp", "{8E8782F3-C465-47D2-B99F-A0C877B9F6BB}"
EndProject
Project("{2150E333-8FDC-42A3-9474-1A3956D46DE8}") = "Ch1", "Ch1", "{9D990379-5F70-488E-B4AE-530E2B0875B9}"
EndProject
Project("{FAE04EC0-301F-11D3-BF4B-00C04F79EFBC}") = "HelloWorld", "ProgrammingCS5\Ch1\HelloWorld\HelloWorld.csproj", "{3221C7C3-E8F0-45EC-BB3F-78DEED0F4636}"
EndProject
Project("{2150E333-8FDC-42A3-9474-1A3956D46DE8}") = "ProgrammingCS5", "ProgrammingCS5", "{56376ECD-9F84-479D-AEC5-FB99F3DAB546}"
EndProject
Project("{2150E333-8FDC-42A3-9474-1A3956D46DE8}") = "Ch1", "Ch1", "{6E2D0758-2C5F-4D23-8BA8-7595DDBA2562}"
EndProject
Project("{FAE04EC0-301F-11D3-BF4B-00C04F79EFBC}") = "3-9 Comparing References", "ProgrammingCS5\Ch3\3-9 Comparing References\3-9 Comparing References.csproj", "{D3E1E64D-705E-4BB5-9BDF-A02BC6BBF760}"
EndProject
Project("{2150E333-8FDC-42A3-9474-1A3956D46DE8}") = "Ch3", "Ch3", "{34BD5F8D-2255-4F61-A873-A1ECABA445A9}"
EndProject
Project("{FAE04EC0-301F-11D3-BF4B-00C04F79EFBC}") = "HelloWorld.Tests", "ProgrammingCS5\Ch1\HelloWorld.Tests\HelloWorld.Tests.csproj", "{3276B216-F45E-4E22-9CA7-D800F352CDC5}"
EndProject
Project("{8BC9CEB8-8B4A-11D0-8D11-00A0C91BC942}") = "Ex1_1", "Cppp\Ch1\Ex 1.1\Ex 1.1.vcxproj", "{7038FDDD-A5D3-4E3C-ACA2-064ED4A3534F}"
EndProject
Project("{8BC9CEB8-8B4A-11D0-8D11-00A0C91BC942}") = "Ex1_2", "Cppp\Ch1\Ex 1.2\Ex 1.2.vcxproj", "{6DA41E55-218D-4944-8BB4-6C25F59F428A}"
EndProject
Project("{8BC9CEB8-8B4A-11D0-8D11-00A0C91BC942}") = "Ex1_3", "Cppp\Ch1\Ex 1.3\Ex 1.3.vcxproj", "{D3E3BF61-4616-4D5A-937B-99FA2D830318}"
EndProject
Project("{8BC9CEB8-8B4A-11D0-8D11-00A0C91BC942}") = "Ex1_4", "Cppp\Ch1\Ex 1.4\Ex 1.4.vcxproj", "{7B60873B-4B8C-49E1-9E58-5D7A3DCD6EF1}"
EndProject
Project("{8BC9CEB8-8B4A-11D0-8D11-00A0C91BC942}") = "Ex1_5", "Cppp\Ch1\Ex 1.5\Ex 1.5.vcxproj", "{C7C0DE21-2046-41AA-876D-A9AFB508ABA5}"
EndProject
Project("{8BC9CEB8-8B4A-11D0-8D11-00A0C91BC942}") = "Ex1_6", "Cppp\Ch1\Ex1_6\Ex1_6.vcxproj", "{788A8162-ED7C-4ED5-B020-EE0A102B1226}"
EndProject
Project("{8BC9CEB8-8B4A-11D0-8D11-00A0C91BC942}") = "Ex1_7", "Cppp\Ch1\Ex1_7\Ex1_7.vcxproj", "{C6E4A445-8411-4C5D-B86D-F8B2DCAB767C}"
EndProject
Global
	GlobalSection(SolutionConfigurationPlatforms) = preSolution
		Debug|Any CPU = Debug|Any CPU
		Debug|Mixed Platforms = Debug|Mixed Platforms
		Debug|Win32 = Debug|Win32
		Release|Any CPU = Release|Any CPU
		Release|Mixed Platforms = Release|Mixed Platforms
		Release|Win32 = Release|Win32
	EndGlobalSection
	GlobalSection(ProjectConfigurationPlatforms) = postSolution
		{3221C7C3-E8F0-45EC-BB3F-78DEED0F4636}.Debug|Any CPU.ActiveCfg = Debug|Any CPU
		{3221C7C3-E8F0-45EC-BB3F-78DEED0F4636}.Debug|Any CPU.Build.0 = Debug|Any CPU
		{3221C7C3-E8F0-45EC-BB3F-78DEED0F4636}.Debug|Mixed Platforms.ActiveCfg = Debug|Any CPU
		{3221C7C3-E8F0-45EC-BB3F-78DEED0F4636}.Debug|Mixed Platforms.Build.0 = Debug|Any CPU
		{3221C7C3-E8F0-45EC-BB3F-78DEED0F4636}.Debug|Win32.ActiveCfg = Debug|Any CPU
		{3221C7C3-E8F0-45EC-BB3F-78DEED0F4636}.Release|Any CPU.ActiveCfg = Release|Any CPU
		{3221C7C3-E8F0-45EC-BB3F-78DEED0F4636}.Release|Any CPU.Build.0 = Release|Any CPU
		{3221C7C3-E8F0-45EC-BB3F-78DEED0F4636}.Release|Mixed Platforms.ActiveCfg = Release|Any CPU
		{3221C7C3-E8F0-45EC-BB3F-78DEED0F4636}.Release|Mixed Platforms.Build.0 = Release|Any CPU
		{3221C7C3-E8F0-45EC-BB3F-78DEED0F4636}.Release|Win32.ActiveCfg = Release|Any CPU
		{D3E1E64D-705E-4BB5-9BDF-A02BC6BBF760}.Debug|Any CPU.ActiveCfg = Debug|Any CPU
		{D3E1E64D-705E-4BB5-9BDF-A02BC6BBF760}.Debug|Any CPU.Build.0 = Debug|Any CPU
		{D3E1E64D-705E-4BB5-9BDF-A02BC6BBF760}.Debug|Mixed Platforms.ActiveCfg = Debug|Any CPU
		{D3E1E64D-705E-4BB5-9BDF-A02BC6BBF760}.Debug|Mixed Platforms.Build.0 = Debug|Any CPU
		{D3E1E64D-705E-4BB5-9BDF-A02BC6BBF760}.Debug|Win32.ActiveCfg = Debug|Any CPU
		{D3E1E64D-705E-4BB5-9BDF-A02BC6BBF760}.Release|Any CPU.ActiveCfg = Release|Any CPU
		{D3E1E64D-705E-4BB5-9BDF-A02BC6BBF760}.Release|Any CPU.Build.0 = Release|Any CPU
		{D3E1E64D-705E-4BB5-9BDF-A02BC6BBF760}.Release|Mixed Platforms.ActiveCfg = Release|Any CPU
		{D3E1E64D-705E-4BB5-9BDF-A02BC6BBF760}.Release|Mixed Platforms.Build.0 = Release|Any CPU
		{D3E1E64D-705E-4BB5-9BDF-A02BC6BBF760}.Release|Win32.ActiveCfg = Release|Any CPU
		{3276B216-F45E-4E22-9CA7-D800F352CDC5}.Debug|Any CPU.ActiveCfg = Debug|Any CPU
		{3276B216-F45E-4E22-9CA7-D800F352CDC5}.Debug|Any CPU.Build.0 = Debug|Any CPU
		{3276B216-F45E-4E22-9CA7-D800F352CDC5}.Debug|Mixed Platforms.ActiveCfg = Debug|Any CPU
		{3276B216-F45E-4E22-9CA7-D800F352CDC5}.Debug|Mixed Platforms.Build.0 = Debug|Any CPU
		{3276B216-F45E-4E22-9CA7-D800F352CDC5}.Debug|Win32.ActiveCfg = Debug|Any CPU
		{3276B216-F45E-4E22-9CA7-D800F352CDC5}.Release|Any CPU.ActiveCfg = Release|Any CPU
		{3276B216-F45E-4E22-9CA7-D800F352CDC5}.Release|Any CPU.Build.0 = Release|Any CPU
		{3276B216-F45E-4E22-9CA7-D800F352CDC5}.Release|Mixed Platforms.ActiveCfg = Release|Any CPU
		{3276B216-F45E-4E22-9CA7-D800F352CDC5}.Release|Mixed Platforms.Build.0 = Release|Any CPU
		{3276B216-F45E-4E22-9CA7-D800F352CDC5}.Release|Win32.ActiveCfg = Release|Any CPU
		{7038FDDD-A5D3-4E3C-ACA2-064ED4A3534F}.Debug|Any CPU.ActiveCfg = Debug|Win32
		{7038FDDD-A5D3-4E3C-ACA2-064ED4A3534F}.Debug|Mixed Platforms.ActiveCfg = Debug|Win32
		{7038FDDD-A5D3-4E3C-ACA2-064ED4A3534F}.Debug|Mixed Platforms.Build.0 = Debug|Win32
		{7038FDDD-A5D3-4E3C-ACA2-064ED4A3534F}.Debug|Win32.ActiveCfg = Debug|Win32
		{7038FDDD-A5D3-4E3C-ACA2-064ED4A3534F}.Debug|Win32.Build.0 = Debug|Win32
		{7038FDDD-A5D3-4E3C-ACA2-064ED4A3534F}.Release|Any CPU.ActiveCfg = Release|Win32
		{7038FDDD-A5D3-4E3C-ACA2-064ED4A3534F}.Release|Mixed Platforms.ActiveCfg = Release|Win32
		{7038FDDD-A5D3-4E3C-ACA2-064ED4A3534F}.Release|Mixed Platforms.Build.0 = Release|Win32
		{7038FDDD-A5D3-4E3C-ACA2-064ED4A3534F}.Release|Win32.ActiveCfg = Release|Win32
		{7038FDDD-A5D3-4E3C-ACA2-064ED4A3534F}.Release|Win32.Build.0 = Release|Win32
		{6DA41E55-218D-4944-8BB4-6C25F59F428A}.Debug|Any CPU.ActiveCfg = Debug|Win32
		{6DA41E55-218D-4944-8BB4-6C25F59F428A}.Debug|Mixed Platforms.ActiveCfg = Debug|Win32
		{6DA41E55-218D-4944-8BB4-6C25F59F428A}.Debug|Mixed Platforms.Build.0 = Debug|Win32
		{6DA41E55-218D-4944-8BB4-6C25F59F428A}.Debug|Win32.ActiveCfg = Debug|Win32
		{6DA41E55-218D-4944-8BB4-6C25F59F428A}.Debug|Win32.Build.0 = Debug|Win32
		{6DA41E55-218D-4944-8BB4-6C25F59F428A}.Release|Any CPU.ActiveCfg = Release|Win32
		{6DA41E55-218D-4944-8BB4-6C25F59F428A}.Release|Mixed Platforms.ActiveCfg = Release|Win32
		{6DA41E55-218D-4944-8BB4-6C25F59F428A}.Release|Mixed Platforms.Build.0 = Release|Win32
		{6DA41E55-218D-4944-8BB4-6C25F59F428A}.Release|Win32.ActiveCfg = Release|Win32
		{6DA41E55-218D-4944-8BB4-6C25F59F428A}.Release|Win32.Build.0 = Release|Win32
		{D3E3BF61-4616-4D5A-937B-99FA2D830318}.Debug|Any CPU.ActiveCfg = Debug|Win32
		{D3E3BF61-4616-4D5A-937B-99FA2D830318}.Debug|Mixed Platforms.ActiveCfg = Debug|Win32
		{D3E3BF61-4616-4D5A-937B-99FA2D830318}.Debug|Mixed Platforms.Build.0 = Debug|Win32
		{D3E3BF61-4616-4D5A-937B-99FA2D830318}.Debug|Win32.ActiveCfg = Debug|Win32
		{D3E3BF61-4616-4D5A-937B-99FA2D830318}.Debug|Win32.Build.0 = Debug|Win32
		{D3E3BF61-4616-4D5A-937B-99FA2D830318}.Release|Any CPU.ActiveCfg = Release|Win32
		{D3E3BF61-4616-4D5A-937B-99FA2D830318}.Release|Mixed Platforms.ActiveCfg = Release|Win32
		{D3E3BF61-4616-4D5A-937B-99FA2D830318}.Release|Mixed Platforms.Build.0 = Release|Win32
		{D3E3BF61-4616-4D5A-937B-99FA2D830318}.Release|Win32.ActiveCfg = Release|Win32
		{D3E3BF61-4616-4D5A-937B-99FA2D830318}.Release|Win32.Build.0 = Release|Win32
		{7B60873B-4B8C-49E1-9E58-5D7A3DCD6EF1}.Debug|Any CPU.ActiveCfg = Debug|Win32
		{7B60873B-4B8C-49E1-9E58-5D7A3DCD6EF1}.Debug|Mixed Platforms.ActiveCfg = Debug|Win32
		{7B60873B-4B8C-49E1-9E58-5D7A3DCD6EF1}.Debug|Mixed Platforms.Build.0 = Debug|Win32
		{7B60873B-4B8C-49E1-9E58-5D7A3DCD6EF1}.Debug|Win32.ActiveCfg = Debug|Win32
		{7B60873B-4B8C-49E1-9E58-5D7A3DCD6EF1}.Debug|Win32.Build.0 = Debug|Win32
		{7B60873B-4B8C-49E1-9E58-5D7A3DCD6EF1}.Release|Any CPU.ActiveCfg = Release|Win32
		{7B60873B-4B8C-49E1-9E58-5D7A3DCD6EF1}.Release|Mixed Platforms.ActiveCfg = Release|Win32
		{7B60873B-4B8C-49E1-9E58-5D7A3DCD6EF1}.Release|Mixed Platforms.Build.0 = Release|Win32
		{7B60873B-4B8C-49E1-9E58-5D7A3DCD6EF1}.Release|Win32.ActiveCfg = Release|Win32
		{7B60873B-4B8C-49E1-9E58-5D7A3DCD6EF1}.Release|Win32.Build.0 = Release|Win32
		{C7C0DE21-2046-41AA-876D-A9AFB508ABA5}.Debug|Any CPU.ActiveCfg = Debug|Win32
		{C7C0DE21-2046-41AA-876D-A9AFB508ABA5}.Debug|Mixed Platforms.ActiveCfg = Debug|Win32
		{C7C0DE21-2046-41AA-876D-A9AFB508ABA5}.Debug|Mixed Platforms.Build.0 = Debug|Win32
		{C7C0DE21-2046-41AA-876D-A9AFB508ABA5}.Debug|Win32.ActiveCfg = Debug|Win32
		{C7C0DE21-2046-41AA-876D-A9AFB508ABA5}.Debug|Win32.Build.0 = Debug|Win32
		{C7C0DE21-2046-41AA-876D-A9AFB508ABA5}.Release|Any CPU.ActiveCfg = Release|Win32
		{C7C0DE21-2046-41AA-876D-A9AFB508ABA5}.Release|Mixed Platforms.ActiveCfg = Release|Win32
		{C7C0DE21-2046-41AA-876D-A9AFB508ABA5}.Release|Mixed Platforms.Build.0 = Release|Win32
		{C7C0DE21-2046-41AA-876D-A9AFB508ABA5}.Release|Win32.ActiveCfg = Release|Win32
		{C7C0DE21-2046-41AA-876D-A9AFB508ABA5}.Release|Win32.Build.0 = Release|Win32
		{788A8162-ED7C-4ED5-B020-EE0A102B1226}.Debug|Any CPU.ActiveCfg = Debug|Win32
		{788A8162-ED7C-4ED5-B020-EE0A102B1226}.Debug|Mixed Platforms.ActiveCfg = Debug|Win32
		{788A8162-ED7C-4ED5-B020-EE0A102B1226}.Debug|Mixed Platforms.Build.0 = Debug|Win32
		{788A8162-ED7C-4ED5-B020-EE0A102B1226}.Debug|Win32.ActiveCfg = Debug|Win32
		{788A8162-ED7C-4ED5-B020-EE0A102B1226}.Debug|Win32.Build.0 = Debug|Win32
		{788A8162-ED7C-4ED5-B020-EE0A102B1226}.Release|Any CPU.ActiveCfg = Release|Win32
		{788A8162-ED7C-4ED5-B020-EE0A102B1226}.Release|Mixed Platforms.ActiveCfg = Release|Win32
		{788A8162-ED7C-4ED5-B020-EE0A102B1226}.Release|Mixed Platforms.Build.0 = Release|Win32
		{788A8162-ED7C-4ED5-B020-EE0A102B1226}.Release|Win32.ActiveCfg = Release|Win32
		{788A8162-ED7C-4ED5-B020-EE0A102B1226}.Release|Win32.Build.0 = Release|Win32
		{C6E4A445-8411-4C5D-B86D-F8B2DCAB767C}.Debug|Any CPU.ActiveCfg = Debug|Win32
		{C6E4A445-8411-4C5D-B86D-F8B2DCAB767C}.Debug|Mixed Platforms.ActiveCfg = Debug|Win32
		{C6E4A445-8411-4C5D-B86D-F8B2DCAB767C}.Debug|Mixed Platforms.Build.0 = Debug|Win32
		{C6E4A445-8411-4C5D-B86D-F8B2DCAB767C}.Debug|Win32.ActiveCfg = Debug|Win32
		{C6E4A445-8411-4C5D-B86D-F8B2DCAB767C}.Debug|Win32.Build.0 = Debug|Win32
		{C6E4A445-8411-4C5D-B86D-F8B2DCAB767C}.Release|Any CPU.ActiveCfg = Release|Win32
		{C6E4A445-8411-4C5D-B86D-F8B2DCAB767C}.Release|Mixed Platforms.ActiveCfg = Release|Win32
		{C6E4A445-8411-4C5D-B86D-F8B2DCAB767C}.Release|Mixed Platforms.Build.0 = Release|Win32
		{C6E4A445-8411-4C5D-B86D-F8B2DCAB767C}.Release|Win32.ActiveCfg = Release|Win32
		{C6E4A445-8411-4C5D-B86D-F8B2DCAB767C}.Release|Win32.Build.0 = Release|Win32
	EndGlobalSection
	GlobalSection(SolutionProperties) = preSolution
		HideSolutionNode = FALSE
	EndGlobalSection
	GlobalSection(NestedProjects) = preSolution
		{9D990379-5F70-488E-B4AE-530E2B0875B9} = {8E8782F3-C465-47D2-B99F-A0C877B9F6BB}
		{3221C7C3-E8F0-45EC-BB3F-78DEED0F4636} = {6E2D0758-2C5F-4D23-8BA8-7595DDBA2562}
		{6E2D0758-2C5F-4D23-8BA8-7595DDBA2562} = {56376ECD-9F84-479D-AEC5-FB99F3DAB546}
		{D3E1E64D-705E-4BB5-9BDF-A02BC6BBF760} = {34BD5F8D-2255-4F61-A873-A1ECABA445A9}
		{34BD5F8D-2255-4F61-A873-A1ECABA445A9} = {56376ECD-9F84-479D-AEC5-FB99F3DAB546}
		{3276B216-F45E-4E22-9CA7-D800F352CDC5} = {6E2D0758-2C5F-4D23-8BA8-7595DDBA2562}
		{7038FDDD-A5D3-4E3C-ACA2-064ED4A3534F} = {9D990379-5F70-488E-B4AE-530E2B0875B9}
		{6DA41E55-218D-4944-8BB4-6C25F59F428A} = {9D990379-5F70-488E-B4AE-530E2B0875B9}
		{D3E3BF61-4616-4D5A-937B-99FA2D830318} = {9D990379-5F70-488E-B4AE-530E2B0875B9}
		{7B60873B-4B8C-49E1-9E58-5D7A3DCD6EF1} = {9D990379-5F70-488E-B4AE-530E2B0875B9}
		{C7C0DE21-2046-41AA-876D-A9AFB508ABA5} = {9D990379-5F70-488E-B4AE-530E2B0875B9}
		{788A8162-ED7C-4ED5-B020-EE0A102B1226} = {9D990379-5F70-488E-B4AE-530E2B0875B9}
		{C6E4A445-8411-4C5D-B86D-F8B2DCAB767C} = {9D990379-5F70-488E-B4AE-530E2B0875B9}
	EndGlobalSection
EndGlobal
