
Microsoft Visual Studio Solution File, Format Version 12.00
# Visual Studio 2013
VisualStudioVersion = 12.0.30723.0
MinimumVisualStudioVersion = 10.0.40219.1
Project("{2150E333-8FDC-42A3-9474-1A3956D46DE8}") = "Cppp", "Cppp", "{8E8782F3-C465-47D2-B99F-A0C877B9F6BB}"
EndProject
Project("{2150E333-8FDC-42A3-9474-1A3956D46DE8}") = "Ch1", "Ch1", "{9D990379-5F70-488E-B4AE-530E2B0875B9}"
EndProject
Project("{FAE04EC0-301F-11D3-BF4B-00C04F79EFBC}") = "HelloWorld", "ProgrammingCS5\Ch1\HelloWorld\HelloWorld.csproj", "{3221C7C3-E8F0-45EC-BB3F-78DEED0F4636}"
EndProject
Project("{2150E333-8FDC-42A3-9474-1A3956D46DE8}") = "ProgrammingCS5", "ProgrammingCS5", "{56376ECD-9F84-479D-AEC5-FB99F3DAB546}"
EndProject
Project("{2150E333-8FDC-42A3-9474-1A3956D46DE8}") = "Ch1", "Ch1", "{6E2D0758-2C5F-4D23-8BA8-7595DDBA2562}"
EndProject
Project("{FAE04EC0-301F-11D3-BF4B-00C04F79EFBC}") = "3-9 Comparing References", "ProgrammingCS5\Ch3\3-9 Comparing References\3-9 Comparing References.csproj", "{D3E1E64D-705E-4BB5-9BDF-A02BC6BBF760}"
EndProject
Project("{2150E333-8FDC-42A3-9474-1A3956D46DE8}") = "Ch3", "Ch3", "{34BD5F8D-2255-4F61-A873-A1ECABA445A9}"
EndProject
Project("{8BC9CEB8-8B4A-11D0-8D11-00A0C91BC942}") = "Ex 1.4.4 Unknown number of inputs", "Cppp\Ch1\Ex 1.4.4 Unknown number of inputs\Ex 1.4.4 Unknown number of inputs.vcxproj", "{9EDA532F-00A8-4859-AC90-FA5989DEBB6B}"
EndProject
Project("{FAE04EC0-301F-11D3-BF4B-00C04F79EFBC}") = "HelloWorld.Tests", "ProgrammingCS5\Ch1\HelloWorld.Tests\HelloWorld.Tests.csproj", "{3276B216-F45E-4E22-9CA7-D800F352CDC5}"
EndProject
Global
	GlobalSection(SolutionConfigurationPlatforms) = preSolution
		Debug|Any CPU = Debug|Any CPU
		Debug|Mixed Platforms = Debug|Mixed Platforms
		Debug|Win32 = Debug|Win32
		Release|Any CPU = Release|Any CPU
		Release|Mixed Platforms = Release|Mixed Platforms
		Release|Win32 = Release|Win32
	EndGlobalSection
	GlobalSection(ProjectConfigurationPlatforms) = postSolution
		{3221C7C3-E8F0-45EC-BB3F-78DEED0F4636}.Debug|Any CPU.ActiveCfg = Debug|Any CPU
		{3221C7C3-E8F0-45EC-BB3F-78DEED0F4636}.Debug|Any CPU.Build.0 = Debug|Any CPU
		{3221C7C3-E8F0-45EC-BB3F-78DEED0F4636}.Debug|Mixed Platforms.ActiveCfg = Debug|Any CPU
		{3221C7C3-E8F0-45EC-BB3F-78DEED0F4636}.Debug|Mixed Platforms.Build.0 = Debug|Any CPU
		{3221C7C3-E8F0-45EC-BB3F-78DEED0F4636}.Debug|Win32.ActiveCfg = Debug|Any CPU
		{3221C7C3-E8F0-45EC-BB3F-78DEED0F4636}.Release|Any CPU.ActiveCfg = Release|Any CPU
		{3221C7C3-E8F0-45EC-BB3F-78DEED0F4636}.Release|Any CPU.Build.0 = Release|Any CPU
		{3221C7C3-E8F0-45EC-BB3F-78DEED0F4636}.Release|Mixed Platforms.ActiveCfg = Release|Any CPU
		{3221C7C3-E8F0-45EC-BB3F-78DEED0F4636}.Release|Mixed Platforms.Build.0 = Release|Any CPU
		{3221C7C3-E8F0-45EC-BB3F-78DEED0F4636}.Release|Win32.ActiveCfg = Release|Any CPU
		{D3E1E64D-705E-4BB5-9BDF-A02BC6BBF760}.Debug|Any CPU.ActiveCfg = Debug|Any CPU
		{D3E1E64D-705E-4BB5-9BDF-A02BC6BBF760}.Debug|Any CPU.Build.0 = Debug|Any CPU
		{D3E1E64D-705E-4BB5-9BDF-A02BC6BBF760}.Debug|Mixed Platforms.ActiveCfg = Debug|Any CPU
		{D3E1E64D-705E-4BB5-9BDF-A02BC6BBF760}.Debug|Mixed Platforms.Build.0 = Debug|Any CPU
		{D3E1E64D-705E-4BB5-9BDF-A02BC6BBF760}.Debug|Win32.ActiveCfg = Debug|Any CPU
		{D3E1E64D-705E-4BB5-9BDF-A02BC6BBF760}.Release|Any CPU.ActiveCfg = Release|Any CPU
		{D3E1E64D-705E-4BB5-9BDF-A02BC6BBF760}.Release|Any CPU.Build.0 = Release|Any CPU
		{D3E1E64D-705E-4BB5-9BDF-A02BC6BBF760}.Release|Mixed Platforms.ActiveCfg = Release|Any CPU
		{D3E1E64D-705E-4BB5-9BDF-A02BC6BBF760}.Release|Mixed Platforms.Build.0 = Release|Any CPU
		{D3E1E64D-705E-4BB5-9BDF-A02BC6BBF760}.Release|Win32.ActiveCfg = Release|Any CPU
		{9EDA532F-00A8-4859-AC90-FA5989DEBB6B}.Debug|Any CPU.ActiveCfg = Debug|Win32
		{9EDA532F-00A8-4859-AC90-FA5989DEBB6B}.Debug|Mixed Platforms.ActiveCfg = Debug|Win32
		{9EDA532F-00A8-4859-AC90-FA5989DEBB6B}.Debug|Mixed Platforms.Build.0 = Debug|Win32
		{9EDA532F-00A8-4859-AC90-FA5989DEBB6B}.Debug|Win32.ActiveCfg = Debug|Win32
		{9EDA532F-00A8-4859-AC90-FA5989DEBB6B}.Debug|Win32.Build.0 = Debug|Win32
		{9EDA532F-00A8-4859-AC90-FA5989DEBB6B}.Release|Any CPU.ActiveCfg = Release|Win32
		{9EDA532F-00A8-4859-AC90-FA5989DEBB6B}.Release|Mixed Platforms.ActiveCfg = Release|Win32
		{9EDA532F-00A8-4859-AC90-FA5989DEBB6B}.Release|Mixed Platforms.Build.0 = Release|Win32
		{9EDA532F-00A8-4859-AC90-FA5989DEBB6B}.Release|Win32.ActiveCfg = Release|Win32
		{9EDA532F-00A8-4859-AC90-FA5989DEBB6B}.Release|Win32.Build.0 = Release|Win32
		{3276B216-F45E-4E22-9CA7-D800F352CDC5}.Debug|Any CPU.ActiveCfg = Debug|Any CPU
		{3276B216-F45E-4E22-9CA7-D800F352CDC5}.Debug|Any CPU.Build.0 = Debug|Any CPU
		{3276B216-F45E-4E22-9CA7-D800F352CDC5}.Debug|Mixed Platforms.ActiveCfg = Debug|Any CPU
		{3276B216-F45E-4E22-9CA7-D800F352CDC5}.Debug|Mixed Platforms.Build.0 = Debug|Any CPU
		{3276B216-F45E-4E22-9CA7-D800F352CDC5}.Debug|Win32.ActiveCfg = Debug|Any CPU
		{3276B216-F45E-4E22-9CA7-D800F352CDC5}.Release|Any CPU.ActiveCfg = Release|Any CPU
		{3276B216-F45E-4E22-9CA7-D800F352CDC5}.Release|Any CPU.Build.0 = Release|Any CPU
		{3276B216-F45E-4E22-9CA7-D800F352CDC5}.Release|Mixed Platforms.ActiveCfg = Release|Any CPU
		{3276B216-F45E-4E22-9CA7-D800F352CDC5}.Release|Mixed Platforms.Build.0 = Release|Any CPU
		{3276B216-F45E-4E22-9CA7-D800F352CDC5}.Release|Win32.ActiveCfg = Release|Any CPU
	EndGlobalSection
	GlobalSection(SolutionProperties) = preSolution
		HideSolutionNode = FALSE
	EndGlobalSection
	GlobalSection(NestedProjects) = preSolution
		{9D990379-5F70-488E-B4AE-530E2B0875B9} = {8E8782F3-C465-47D2-B99F-A0C877B9F6BB}
		{3221C7C3-E8F0-45EC-BB3F-78DEED0F4636} = {6E2D0758-2C5F-4D23-8BA8-7595DDBA2562}
		{6E2D0758-2C5F-4D23-8BA8-7595DDBA2562} = {56376ECD-9F84-479D-AEC5-FB99F3DAB546}
		{D3E1E64D-705E-4BB5-9BDF-A02BC6BBF760} = {34BD5F8D-2255-4F61-A873-A1ECABA445A9}
		{34BD5F8D-2255-4F61-A873-A1ECABA445A9} = {56376ECD-9F84-479D-AEC5-FB99F3DAB546}
		{9EDA532F-00A8-4859-AC90-FA5989DEBB6B} = {9D990379-5F70-488E-B4AE-530E2B0875B9}
		{3276B216-F45E-4E22-9CA7-D800F352CDC5} = {6E2D0758-2C5F-4D23-8BA8-7595DDBA2562}
	EndGlobalSection
EndGlobal
